
Microsoft Visual Studio Solution File, Format Version 12.00
# Visual Studio Version 16
VisualStudioVersion = 16.0.29728.190
MinimumVisualStudioVersion = 10.0.40219.1
Project("{FAE04EC0-301F-11D3-BF4B-00C04F79EFBC}") = "WebOneApp", "WebOneApp\WebOneApp.csproj", "{FAE6FA9E-E846-4965-A8DE-3782D5D02AAF}"
EndProject
Global
	GlobalSection(SolutionConfigurationPlatforms) = preSolution
		Debug|Any CPU = Debug|Any CPU
		Release|Any CPU = Release|Any CPU
	EndGlobalSection
	GlobalSection(ProjectConfigurationPlatforms) = postSolution
		{FAE6FA9E-E846-4965-A8DE-3782D5D02AAF}.Debug|Any CPU.ActiveCfg = Debug|Any CPU
		{FAE6FA9E-E846-4965-A8DE-3782D5D02AAF}.Debug|Any CPU.Build.0 = Debug|Any CPU
		{FAE6FA9E-E846-4965-A8DE-3782D5D02AAF}.Release|Any CPU.ActiveCfg = Release|Any CPU
		{FAE6FA9E-E846-4965-A8DE-3782D5D02AAF}.Release|Any CPU.Build.0 = Release|Any CPU
	EndGlobalSection
	GlobalSection(SolutionProperties) = preSolution
		HideSolutionNode = FALSE
	EndGlobalSection
	GlobalSection(ExtensibilityGlobals) = postSolution
		SolutionGuid = {541F3824-4CA8-4CE7-A52C-AC63EBC9522D}
	EndGlobalSection
EndGlobal
